
Microsoft Visual Studio Solution File, Format Version 12.00
# Visual Studio Version 17
VisualStudioVersion = 17.9.34728.123
MinimumVisualStudioVersion = 10.0.40219.1
Project("{FAE04EC0-301F-11D3-BF4B-00C04F79EFBC}") = "JokesWebApp", "JokesWebApp\JokesWebApp.csproj", "{ADDEC57B-448F-4D28-A87F-8CEEF40BAB8A}"
EndProject
Global
	GlobalSection(SolutionConfigurationPlatforms) = preSolution
		Debug|Any CPU = Debug|Any CPU
		Release|Any CPU = Release|Any CPU
	EndGlobalSection
	GlobalSection(ProjectConfigurationPlatforms) = postSolution
		{ADDEC57B-448F-4D28-A87F-8CEEF40BAB8A}.Debug|Any CPU.ActiveCfg = Debug|Any CPU
		{ADDEC57B-448F-4D28-A87F-8CEEF40BAB8A}.Debug|Any CPU.Build.0 = Debug|Any CPU
		{ADDEC57B-448F-4D28-A87F-8CEEF40BAB8A}.Release|Any CPU.ActiveCfg = Release|Any CPU
		{ADDEC57B-448F-4D28-A87F-8CEEF40BAB8A}.Release|Any CPU.Build.0 = Release|Any CPU
	EndGlobalSection
	GlobalSection(SolutionProperties) = preSolution
		HideSolutionNode = FALSE
	EndGlobalSection
	GlobalSection(ExtensibilityGlobals) = postSolution
		SolutionGuid = {E7774C2A-DB3A-486B-A54F-63CEB54293E1}
	EndGlobalSection
EndGlobal
